PODS:
  - AFNetworking (4.0.1):
    - AFNetworking/NSURLSession (= 4.0.1)
    - AFNetworking/Reachability (= 4.0.1)
    - AFNetworking/Security (= 4.0.1)
    - AFNetworking/Serialization (= 4.0.1)
    - AFNetworking/UIKit (= 4.0.1)
  - AFNetworking/NSURLSession (4.0.1):
    - AFNetworking/Reachability
    - AFNetworking/Security
    - AFNetworking/Serialization
  - AFNetworking/Reachability (4.0.1)
  - AFNetworking/Security (4.0.1)
  - AFNetworking/Serialization (4.0.1)
  - AFNetworking/UIKit (4.0.1):
    - AFNetworking/NSURLSession
  - CocoaLumberjack (3.6.2):
    - CocoaLumberjack/Core (= 3.6.2)
  - CocoaLumberjack/Core (3.6.2)
  - Connectivity (3.3.4)
  - GoogleAds-IMA-iOS-SDK (3.6.1)
  - GPUImage-StraaS (0.1.10)
  - IJKMediaFramework (0.1.5)
  - IQKeyboardManager (6.5.6)
  - KVOController (1.2.0)
  - MBProgressHUD (1.2.0)
  - NSLogger (1.9.7):
    - NSLogger/ObjC (= 1.9.7)
  - NSLogger/ObjC (1.9.7)
  - SDWebImage (4.4.6):
    - SDWebImage/Core (= 4.4.6)
  - SDWebImage/Core (4.4.6)
  - SlackTextViewController (1.9.6)
  - Socket.IO-Client-Swift (15.1.0):
    - Starscream (~> 3.1)
  - Starscream (3.1.1)
  - StraaS-iOS-SDK (0.57.0-logging):
    - StraaS-iOS-SDK/Core (= 0.57.0-logging)
    - StraaS-iOS-SDK/Messaging (= 0.57.0-logging)
    - StraaS-iOS-SDK/Player (= 0.57.0-logging)
    - StraaS-iOS-SDK/PlayerLowLatencyExtension (= 0.57.0-logging)
    - StraaS-iOS-SDK/Streaming (= 0.57.0-logging)
  - StraaS-iOS-SDK/Core (0.57.0-logging):
    - AFNetworking (~> 4.0.0)
    - Socket.IO-Client-Swift (~> 15.1.0)
  - StraaS-iOS-SDK/Messaging (0.57.0-logging):
    - Socket.IO-Client-Swift (~> 15.1.0)
    - StraaS-iOS-SDK/Core
  - StraaS-iOS-SDK/Player (0.57.0-logging):
    - AFNetworking (~> 4.0.0)
    - CocoaLumberjack (~> 3.6.2)
    - Connectivity (~> 3.0)
    - GoogleAds-IMA-iOS-SDK (~> 3.6.0)
    - KVOController (~> 1.2.0)
    - Socket.IO-Client-Swift (~> 15.1.0)
    - StraaS-iOS-SDK/Core
    - XCDLumberjackNSLogger (~> 1.1)
  - StraaS-iOS-SDK/PlayerLowLatencyExtension (0.57.0-logging):
    - StraaS-iOS-SDK/Player
  - StraaS-iOS-SDK/Streaming (0.57.0-logging):
    - CocoaLumberjack (~> 3.6.2)
    - GPUImage-StraaS (~> 0.1.10)
    - StraaS-iOS-SDK/Core
    - XCDLumberjackNSLogger (~> 1.1)
  - TTTAttributedLabel (2.0.0)
  - XCDLumberjackNSLogger (1.1.1):
    - CocoaLumberjack (>= 2.0)
    - NSLogger (>= 1.7)
  - YUGPUImageHighPassSkinSmoothing-Straas (1.6):
    - GPUImage-StraaS (~> 0.1.10)

DEPENDENCIES:
  - CocoaLumberjack (~> 3.6.2)
  - Connectivity (~> 3.0)
  - IJKMediaFramework (~> 0.1.2)
  - IQKeyboardManager
  - MBProgressHUD
  - SDWebImage
  - SlackTextViewController
  - Socket.IO-Client-Swift (~> 15.1.0)
  - StraaS-iOS-SDK (from `../`)
  - TTTAttributedLabel
  - YUGPUImageHighPassSkinSmoothing-Straas (~> 1.6.0)

SPEC REPOS:
  https://github.com/cocoapods/specs.git:
    - AFNetworking
    - CocoaLumberjack
    - Connectivity
    - GoogleAds-IMA-iOS-SDK
    - GPUImage-StraaS
    - IJKMediaFramework
    - IQKeyboardManager
    - KVOController
    - MBProgressHUD
    - NSLogger
    - SDWebImage
    - SlackTextViewController
    - Socket.IO-Client-Swift
    - Starscream
    - TTTAttributedLabel
    - XCDLumberjackNSLogger
    - YUGPUImageHighPassSkinSmoothing-Straas

EXTERNAL SOURCES:
  StraaS-iOS-SDK:
    :path: "../"

SPEC CHECKSUMS:
  AFNetworking: 7864c38297c79aaca1500c33288e429c3451fdce
  CocoaLumberjack: bd155f2dd06c0e0b03f876f7a3ee55693122ec94
  Connectivity: 6494e28e023bc3c9d2a5d99775293d61a35d01da
  GoogleAds-IMA-iOS-SDK: 5825cb7d5f6004618527828936a077e118da556e
  GPUImage-StraaS: 2fd283446cf90bb5f9ef4a1554f4d50eb4cd29b6
  IJKMediaFramework: f1119f6324c96bc4654f3045a5beaa95ba0596c0
  IQKeyboardManager: 2a6e97afdafc7becf0cb17a9a8d795e3a980717f
  KVOController: d72ace34afea42468329623b3379ab3cd1d286b6
  MBProgressHUD: 3ee5efcc380f6a79a7cc9b363dd669c5e1ae7406
  NSLogger: cf3013a4fba189f631f07e6c3d5b8ce2b209654b
  SDWebImage: 3f3f0c02f09798048c47a5ed0a13f17b063572d8
  SlackTextViewController: b854e62c1c156336bc4fd409c6ca79b5773e8f9d
  Socket.IO-Client-Swift: 7cb44c0ffb86e158cee32d0642d30ec5fdcf8f61
  Starscream: 4bb2f9942274833f7b4d296a55504dcfc7edb7b0
  StraaS-iOS-SDK: 696a95c2299815bb26ab48da4ee1889004398967
  TTTAttributedLabel: 8cffe8e127e4e82ff3af1e5386d4cd0ad000b656
  XCDLumberjackNSLogger: 5929772477ead3b856c34825698bd69ab1a15bfc
  YUGPUImageHighPassSkinSmoothing-Straas: 4f48e63b66f0cc920d1c9027549075444f62a8f4

PODFILE CHECKSUM: 2800bc0d1bc194b497501bd250ff84ee3ad4bb1e

COCOAPODS: 1.7.5
